
Microsoft Visual Studio Solution File, Format Version 12.00
# Visual Studio Version 17
VisualStudioVersion = 17.9.34616.47
MinimumVisualStudioVersion = 10.0.40219.1
Project("{FAE04EC0-301F-11D3-BF4B-00C04F79EFBC}") = "Buổi 3", "Buổi 3\Buổi 3.csproj", "{B2FBDEE8-2303-4FF9-A332-51426CF90DCE}"
EndProject
Global
	GlobalSection(SolutionConfigurationPlatforms) = preSolution
		Debug|Any CPU = Debug|Any CPU
		Release|Any CPU = Release|Any CPU
	EndGlobalSection
	GlobalSection(ProjectConfigurationPlatforms) = postSolution
		{B2FBDEE8-2303-4FF9-A332-51426CF90DCE}.Debug|Any CPU.ActiveCfg = Debug|Any CPU
		{B2FBDEE8-2303-4FF9-A332-51426CF90DCE}.Debug|Any CPU.Build.0 = Debug|Any CPU
		{B2FBDEE8-2303-4FF9-A332-51426CF90DCE}.Release|Any CPU.ActiveCfg = Release|Any CPU
		{B2FBDEE8-2303-4FF9-A332-51426CF90DCE}.Release|Any CPU.Build.0 = Release|Any CPU
	EndGlobalSection
	GlobalSection(SolutionProperties) = preSolution
		HideSolutionNode = FALSE
	EndGlobalSection
	GlobalSection(ExtensibilityGlobals) = postSolution
		SolutionGuid = {2964458D-BB9E-41D1-80F7-605C60107D93}
	EndGlobalSection
EndGlobal
