
Microsoft Visual Studio Solution File, Format Version 12.00
# Visual Studio Version 17
VisualStudioVersion = 17.9.34616.47
MinimumVisualStudioVersion = 10.0.40219.1
Project("{FAE04EC0-301F-11D3-BF4B-00C04F79EFBC}") = "HocDotNet", "HocDotNet\HocDotNet.csproj", "{67EC9DE9-4A50-4D10-9121-B755E81A8D63}"
EndProject
Global
	GlobalSection(SolutionConfigurationPlatforms) = preSolution
		Debug|Any CPU = Debug|Any CPU
		Release|Any CPU = Release|Any CPU
	EndGlobalSection
	GlobalSection(ProjectConfigurationPlatforms) = postSolution
		{67EC9DE9-4A50-4D10-9121-B755E81A8D63}.Debug|Any CPU.ActiveCfg = Debug|Any CPU
		{67EC9DE9-4A50-4D10-9121-B755E81A8D63}.Debug|Any CPU.Build.0 = Debug|Any CPU
		{67EC9DE9-4A50-4D10-9121-B755E81A8D63}.Release|Any CPU.ActiveCfg = Release|Any CPU
		{67EC9DE9-4A50-4D10-9121-B755E81A8D63}.Release|Any CPU.Build.0 = Release|Any CPU
	EndGlobalSection
	GlobalSection(SolutionProperties) = preSolution
		HideSolutionNode = FALSE
	EndGlobalSection
	GlobalSection(ExtensibilityGlobals) = postSolution
		SolutionGuid = {FD6DA286-4CBA-456D-83B8-1AC815B04076}
	EndGlobalSection
EndGlobal
