
Microsoft Visual Studio Solution File, Format Version 12.00
# Visual Studio Version 17
VisualStudioVersion = 17.9.34616.47
MinimumVisualStudioVersion = 10.0.40219.1
Project("{FAE04EC0-301F-11D3-BF4B-00C04F79EFBC}") = "ProjectFirst", "ProjectFirst\ProjectFirst.csproj", "{88536309-3647-4FBB-9CC5-92FE0993A2EA}"
EndProject
Project("{FAE04EC0-301F-11D3-BF4B-00C04F79EFBC}") = "Project_2", "Project_2\Project_2.csproj", "{9ED449AA-DA8D-4565-8469-50D2600EADF1}"
EndProject
Project("{FAE04EC0-301F-11D3-BF4B-00C04F79EFBC}") = "Nhap_in_Xau_Chuoi", "Nhap_in_Xau_Chuoi\Nhap_in_Xau_Chuoi.csproj", "{F8B5F598-F8E3-4963-8B2C-E528173C13E6}"
EndProject
Global
	GlobalSection(SolutionConfigurationPlatforms) = preSolution
		Debug|Any CPU = Debug|Any CPU
		Release|Any CPU = Release|Any CPU
	EndGlobalSection
	GlobalSection(ProjectConfigurationPlatforms) = postSolution
		{88536309-3647-4FBB-9CC5-92FE0993A2EA}.Debug|Any CPU.ActiveCfg = Debug|Any CPU
		{88536309-3647-4FBB-9CC5-92FE0993A2EA}.Debug|Any CPU.Build.0 = Debug|Any CPU
		{88536309-3647-4FBB-9CC5-92FE0993A2EA}.Release|Any CPU.ActiveCfg = Release|Any CPU
		{88536309-3647-4FBB-9CC5-92FE0993A2EA}.Release|Any CPU.Build.0 = Release|Any CPU
		{9ED449AA-DA8D-4565-8469-50D2600EADF1}.Debug|Any CPU.ActiveCfg = Debug|Any CPU
		{9ED449AA-DA8D-4565-8469-50D2600EADF1}.Debug|Any CPU.Build.0 = Debug|Any CPU
		{9ED449AA-DA8D-4565-8469-50D2600EADF1}.Release|Any CPU.ActiveCfg = Release|Any CPU
		{9ED449AA-DA8D-4565-8469-50D2600EADF1}.Release|Any CPU.Build.0 = Release|Any CPU
		{F8B5F598-F8E3-4963-8B2C-E528173C13E6}.Debug|Any CPU.ActiveCfg = Debug|Any CPU
		{F8B5F598-F8E3-4963-8B2C-E528173C13E6}.Debug|Any CPU.Build.0 = Debug|Any CPU
		{F8B5F598-F8E3-4963-8B2C-E528173C13E6}.Release|Any CPU.ActiveCfg = Release|Any CPU
		{F8B5F598-F8E3-4963-8B2C-E528173C13E6}.Release|Any CPU.Build.0 = Release|Any CPU
	EndGlobalSection
	GlobalSection(SolutionProperties) = preSolution
		HideSolutionNode = FALSE
	EndGlobalSection
	GlobalSection(ExtensibilityGlobals) = postSolution
		SolutionGuid = {388D17B2-28FB-471F-8C48-278C7A423233}
	EndGlobalSection
EndGlobal
